
Microsoft Visual Studio Solution File, Format Version 12.00
# Visual Studio 15
VisualStudioVersion = 15.0.26403.7
MinimumVisualStudioVersion = 10.0.40219.1
Project("{FAE04EC0-301F-11D3-BF4B-00C04F79EFBC}") = "WebSocketHub", "src\WebSocketHub\WebSocketHub.csproj", "{60123689-8717-459B-AEFB-95006CFA81E8}"
EndProject
Project("{FAE04EC0-301F-11D3-BF4B-00C04F79EFBC}") = "Timer.Web", "src\Timer.Web\Timer.Web.csproj", "{A7F2C966-7495-43EF-9CE9-252B4BB12F0B}"
EndProject
Project("{FAE04EC0-301F-11D3-BF4B-00C04F79EFBC}") = "Timer.Service", "src\Timer.Service\Timer.Service.csproj", "{B3FCF64A-D0F8-4AF9-8B84-C0901451B1F6}"
EndProject
Project("{FAE04EC0-301F-11D3-BF4B-00C04F79EFBC}") = "IdentityServer", "src\IdentityServer\IdentityServer.csproj", "{393B00E8-409E-4D57-9189-ED8290A27944}"
EndProject
Global
	GlobalSection(SolutionConfigurationPlatforms) = preSolution
		Debug|Any CPU = Debug|Any CPU
		Release|Any CPU = Release|Any CPU
	EndGlobalSection
	GlobalSection(ProjectConfigurationPlatforms) = postSolution
		{60123689-8717-459B-AEFB-95006CFA81E8}.Debug|Any CPU.ActiveCfg = Debug|Any CPU
		{60123689-8717-459B-AEFB-95006CFA81E8}.Debug|Any CPU.Build.0 = Debug|Any CPU
		{60123689-8717-459B-AEFB-95006CFA81E8}.Release|Any CPU.ActiveCfg = Release|Any CPU
		{60123689-8717-459B-AEFB-95006CFA81E8}.Release|Any CPU.Build.0 = Release|Any CPU
		{A7F2C966-7495-43EF-9CE9-252B4BB12F0B}.Debug|Any CPU.ActiveCfg = Debug|Any CPU
		{A7F2C966-7495-43EF-9CE9-252B4BB12F0B}.Debug|Any CPU.Build.0 = Debug|Any CPU
		{A7F2C966-7495-43EF-9CE9-252B4BB12F0B}.Release|Any CPU.ActiveCfg = Release|Any CPU
		{A7F2C966-7495-43EF-9CE9-252B4BB12F0B}.Release|Any CPU.Build.0 = Release|Any CPU
		{B3FCF64A-D0F8-4AF9-8B84-C0901451B1F6}.Debug|Any CPU.ActiveCfg = Debug|Any CPU
		{B3FCF64A-D0F8-4AF9-8B84-C0901451B1F6}.Debug|Any CPU.Build.0 = Debug|Any CPU
		{B3FCF64A-D0F8-4AF9-8B84-C0901451B1F6}.Release|Any CPU.ActiveCfg = Release|Any CPU
		{B3FCF64A-D0F8-4AF9-8B84-C0901451B1F6}.Release|Any CPU.Build.0 = Release|Any CPU
		{393B00E8-409E-4D57-9189-ED8290A27944}.Debug|Any CPU.ActiveCfg = Debug|Any CPU
		{393B00E8-409E-4D57-9189-ED8290A27944}.Debug|Any CPU.Build.0 = Debug|Any CPU
		{393B00E8-409E-4D57-9189-ED8290A27944}.Release|Any CPU.ActiveCfg = Release|Any CPU
		{393B00E8-409E-4D57-9189-ED8290A27944}.Release|Any CPU.Build.0 = Release|Any CPU
	EndGlobalSection
	GlobalSection(SolutionProperties) = preSolution
		HideSolutionNode = FALSE
	EndGlobalSection
EndGlobal
